
Microsoft Visual Studio Solution File, Format Version 12.00
# Visual Studio Version 17
VisualStudioVersion = 17.10.35027.167
MinimumVisualStudioVersion = 10.0.40219.1
Project("{FAE04EC0-301F-11D3-BF4B-00C04F79EFBC}") = "ConsoleApp23", "ConsoleApp23.csproj", "{C5E64A22-DDD5-499A-8682-49FFF9143A2D}"
EndProject
Global
	GlobalSection(SolutionConfigurationPlatforms) = preSolution
		Debug|Any CPU = Debug|Any CPU
		Release|Any CPU = Release|Any CPU
	EndGlobalSection
	GlobalSection(ProjectConfigurationPlatforms) = postSolution
		{C5E64A22-DDD5-499A-8682-49FFF9143A2D}.Debug|Any CPU.ActiveCfg = Debug|Any CPU
		{C5E64A22-DDD5-499A-8682-49FFF9143A2D}.Debug|Any CPU.Build.0 = Debug|Any CPU
		{C5E64A22-DDD5-499A-8682-49FFF9143A2D}.Release|Any CPU.ActiveCfg = Release|Any CPU
		{C5E64A22-DDD5-499A-8682-49FFF9143A2D}.Release|Any CPU.Build.0 = Release|Any CPU
	EndGlobalSection
	GlobalSection(SolutionProperties) = preSolution
		HideSolutionNode = FALSE
	EndGlobalSection
	GlobalSection(ExtensibilityGlobals) = postSolution
		SolutionGuid = {794EA1D1-FF0C-48A3-B2A1-293AF210E75B}
	EndGlobalSection
EndGlobal
